
Microsoft Visual Studio Solution File, Format Version 12.00
# Visual Studio 15
VisualStudioVersion = 15.0.27004.2006
MinimumVisualStudioVersion = 10.0.40219.1
Project("{FAE04EC0-301F-11D3-BF4B-00C04F79EFBC}") = "ontology-csharp-sdk", "ontology-csharp-sdk\ontology-csharp-sdk.csproj", "{2DD47140-C98B-49E0-9490-0EB5E7B8C52E}"
EndProject
Project("{FAE04EC0-301F-11D3-BF4B-00C04F79EFBC}") = "ontology-csharp-examples", "ontology-csharp-examples\ontology-csharp-examples.csproj", "{DA78E963-6D2C-4782-98B3-713C1661E6E9}"
EndProject
Global
	GlobalSection(SolutionConfigurationPlatforms) = preSolution
		Debug|Any CPU = Debug|Any CPU
		Release|Any CPU = Release|Any CPU
	EndGlobalSection
	GlobalSection(ProjectConfigurationPlatforms) = postSolution
		{2DD47140-C98B-49E0-9490-0EB5E7B8C52E}.Debug|Any CPU.ActiveCfg = Debug|Any CPU
		{2DD47140-C98B-49E0-9490-0EB5E7B8C52E}.Debug|Any CPU.Build.0 = Debug|Any CPU
		{2DD47140-C98B-49E0-9490-0EB5E7B8C52E}.Release|Any CPU.ActiveCfg = Release|Any CPU
		{2DD47140-C98B-49E0-9490-0EB5E7B8C52E}.Release|Any CPU.Build.0 = Release|Any CPU
		{DA78E963-6D2C-4782-98B3-713C1661E6E9}.Debug|Any CPU.ActiveCfg = Debug|Any CPU
		{DA78E963-6D2C-4782-98B3-713C1661E6E9}.Debug|Any CPU.Build.0 = Debug|Any CPU
		{DA78E963-6D2C-4782-98B3-713C1661E6E9}.Release|Any CPU.ActiveCfg = Release|Any CPU
		{DA78E963-6D2C-4782-98B3-713C1661E6E9}.Release|Any CPU.Build.0 = Release|Any CPU
	EndGlobalSection
	GlobalSection(SolutionProperties) = preSolution
		HideSolutionNode = FALSE
	EndGlobalSection
	GlobalSection(ExtensibilityGlobals) = postSolution
		SolutionGuid = {5292BD98-1D69-4F54-AB2A-CBFA67F1BDD5}
	EndGlobalSection
EndGlobal
